// !$*UTF8*$!
{
	archiveVersion = 1;
	classes = {
	};
	objectVersion = 46;
	objects = {

/* Begin PBXBuildFile section */
		2F4D29C017612651005A844E /* cartoon.cpp in Sources */ = {isa = PBXBuildFile; fileRef = 2F4D29BE17612651005A844E /* cartoon.cpp */; };
		2F9279221760AACC0010E0B5 /* main.cpp in Sources */ = {isa = PBXBuildFile; fileRef = 2F9279211760AACC0010E0B5 /* main.cpp */; };
		2F9279241760AACC0010E0B5 /* filter.1 in CopyFiles */ = {isa = PBXBuildFile; fileRef = 2F9279231760AACC0010E0B5 /* filter.1 */; };
		2F9279971760ACB40010E0B5 /* libopencv_core.2.4.3.dylib in Frameworks */ = {isa = PBXBuildFile; fileRef = 2F9279961760ACB40010E0B5 /* libopencv_core.2.4.3.dylib */; };
		2F9279A71760AD2C0010E0B5 /* libopencv_contrib.2.4.3.dylib in Frameworks */ = {isa = PBXBuildFile; fileRef = 2F9279981760AD2C0010E0B5 /* libopencv_contrib.2.4.3.dylib */; };
		2F9279A81760AD2C0010E0B5 /* libopencv_features2d.2.4.3.dylib in Frameworks */ = {isa = PBXBuildFile; fileRef = 2F9279991760AD2C0010E0B5 /* libopencv_features2d.2.4.3.dylib */; };
		2F9279A91760AD2C0010E0B5 /* libopencv_flann.2.4.3.dylib in Frameworks */ = {isa = PBXBuildFile; fileRef = 2F92799A1760AD2C0010E0B5 /* libopencv_flann.2.4.3.dylib */; };
		2F9279AA1760AD2C0010E0B5 /* libopencv_gpu.2.4.3.dylib in Frameworks */ = {isa = PBXBuildFile; fileRef = 2F92799B1760AD2C0010E0B5 /* libopencv_gpu.2.4.3.dylib */; };
		2F9279AB1760AD2C0010E0B5 /* libopencv_highgui.2.4.3.dylib in Frameworks */ = {isa = PBXBuildFile; fileRef = 2F92799C1760AD2C0010E0B5 /* libopencv_highgui.2.4.3.dylib */; };
		2F9279AC1760AD2C0010E0B5 /* libopencv_imgproc.2.4.3.dylib in Frameworks */ = {isa = PBXBuildFile; fileRef = 2F92799D1760AD2C0010E0B5 /* libopencv_imgproc.2.4.3.dylib */; };
		2F9279AD1760AD2C0010E0B5 /* libopencv_legacy.2.4.3.dylib in Frameworks */ = {isa = PBXBuildFile; fileRef = 2F92799E1760AD2C0010E0B5 /* libopencv_legacy.2.4.3.dylib */; };
		2F9279AE1760AD2C0010E0B5 /* libopencv_ml.2.4.3.dylib in Frameworks */ = {isa = PBXBuildFile; fileRef = 2F92799F1760AD2C0010E0B5 /* libopencv_ml.2.4.3.dylib */; };
		2F9279AF1760AD2C0010E0B5 /* libopencv_nonfree.2.4.3.dylib in Frameworks */ = {isa = PBXBuildFile; fileRef = 2F9279A01760AD2C0010E0B5 /* libopencv_nonfree.2.4.3.dylib */; };
		2F9279B01760AD2C0010E0B5 /* libopencv_objdetect.2.4.3.dylib in Frameworks */ = {isa = PBXBuildFile; fileRef = 2F9279A11760AD2C0010E0B5 /* libopencv_objdetect.2.4.3.dylib */; };
		2F9279B11760AD2C0010E0B5 /* libopencv_photo.2.4.3.dylib in Frameworks */ = {isa = PBXBuildFile; fileRef = 2F9279A21760AD2C0010E0B5 /* libopencv_photo.2.4.3.dylib */; };
		2F9279B21760AD2C0010E0B5 /* libopencv_stitching.2.4.3.dylib in Frameworks */ = {isa = PBXBuildFile; fileRef = 2F9279A31760AD2C0010E0B5 /* libopencv_stitching.2.4.3.dylib */; };
		2F9279B31760AD2C0010E0B5 /* libopencv_ts.2.4.3.dylib in Frameworks */ = {isa = PBXBuildFile; fileRef = 2F9279A41760AD2C0010E0B5 /* libopencv_ts.2.4.3.dylib */; };
/* End PBXBuildFile section */

/* Begin PBXCopyFilesBuildPhase section */
		2F92791C1760AACB0010E0B5 /* CopyFiles */ = {
			isa = PBXCopyFilesBuildPhase;
			buildActionMask = 2147483647;
			dstPath = /usr/share/man/man1/;
			dstSubfolderSpec = 0;
			files = (
				2F9279241760AACC0010E0B5 /* filter.1 in CopyFiles */,
			);
			runOnlyForDeploymentPostprocessing = 1;
		};
/* End PBXCopyFilesBuildPhase section */

/* Begin PBXFileReference section */
		2F4D29BE17612651005A844E /* cartoon.cpp */ = {isa = PBXFileReference; fileEncoding = 4; lastKnownFileType = sourcecode.cpp.cpp; name = cartoon.cpp; path = filter/cartoon.cpp; sourceTree = "<group>"; };
		2F4D29BF17612651005A844E /* cartoon.h */ = {isa = PBXFileReference; fileEncoding = 4; lastKnownFileType = sourcecode.c.h; name = cartoon.h; path = filter/cartoon.h; sourceTree = "<group>"; };
		2F92791E1760AACC0010E0B5 /* filter */ = {isa = PBXFileReference; explicitFileType = "compiled.mach-o.executable"; includeInIndex = 0; path = filter; sourceTree = BUILT_PRODUCTS_DIR; };
		2F9279211760AACC0010E0B5 /* main.cpp */ = {isa = PBXFileReference; lastKnownFileType = sourcecode.cpp.cpp; path = main.cpp; sourceTree = "<group>"; };
		2F9279231760AACC0010E0B5 /* filter.1 */ = {isa = PBXFileReference; lastKnownFileType = text.man; path = filter.1; sourceTree = "<group>"; };
		2F9279961760ACB40010E0B5 /* libopencv_core.2.4.3.dylib */ = {isa = PBXFileReference; lastKnownFileType = "compiled.mach-o.dylib"; path = libopencv_core.2.4.3.dylib; sourceTree = "<group>"; };
		2F9279981760AD2C0010E0B5 /* libopencv_contrib.2.4.3.dylib */ = {isa = PBXFileReference; lastKnownFileType = "compiled.mach-o.dylib"; path = libopencv_contrib.2.4.3.dylib; sourceTree = "<group>"; };
		2F9279991760AD2C0010E0B5 /* libopencv_features2d.2.4.3.dylib */ = {isa = PBXFileReference; lastKnownFileType = "compiled.mach-o.dylib"; path = libopencv_features2d.2.4.3.dylib; sourceTree = "<group>"; };
		2F92799A1760AD2C0010E0B5 /* libopencv_flann.2.4.3.dylib */ = {isa = PBXFileReference; lastKnownFileType = "compiled.mach-o.dylib"; path = libopencv_flann.2.4.3.dylib; sourceTree = "<group>"; };
		2F92799B1760AD2C0010E0B5 /* libopencv_gpu.2.4.3.dylib */ = {isa = PBXFileReference; lastKnownFileType = "compiled.mach-o.dylib"; path = libopencv_gpu.2.4.3.dylib; sourceTree = "<group>"; };
		2F92799C1760AD2C0010E0B5 /* libopencv_highgui.2.4.3.dylib */ = {isa = PBXFileReference; lastKnownFileType = "compiled.mach-o.dylib"; path = libopencv_highgui.2.4.3.dylib; sourceTree = "<group>"; };
		2F92799D1760AD2C0010E0B5 /* libopencv_imgproc.2.4.3.dylib */ = {isa = PBXFileReference; lastKnownFileType = "compiled.mach-o.dylib"; path = libopencv_imgproc.2.4.3.dylib; sourceTree = "<group>"; };
		2F92799E1760AD2C0010E0B5 /* libopencv_legacy.2.4.3.dylib */ = {isa = PBXFileReference; lastKnownFileType = "compiled.mach-o.dylib"; path = libopencv_legacy.2.4.3.dylib; sourceTree = "<group>"; };
		2F92799F1760AD2C0010E0B5 /* libopencv_ml.2.4.3.dylib */ = {isa = PBXFileReference; lastKnownFileType = "compiled.mach-o.dylib"; path = libopencv_ml.2.4.3.dylib; sourceTree = "<group>"; };
		2F9279A01760AD2C0010E0B5 /* libopencv_nonfree.2.4.3.dylib */ = {isa = PBXFileReference; lastKnownFileType = "compiled.mach-o.dylib"; path = libopencv_nonfree.2.4.3.dylib; sourceTree = "<group>"; };
		2F9279A11760AD2C0010E0B5 /* libopencv_objdetect.2.4.3.dylib */ = {isa = PBXFileReference; lastKnownFileType = "compiled.mach-o.dylib"; path = libopencv_objdetect.2.4.3.dylib; sourceTree = "<group>"; };
		2F9279A21760AD2C0010E0B5 /* libopencv_photo.2.4.3.dylib */ = {isa = PBXFileReference; lastKnownFileType = "compiled.mach-o.dylib"; path = libopencv_photo.2.4.3.dylib; sourceTree = "<group>"; };
		2F9279A31760AD2C0010E0B5 /* libopencv_stitching.2.4.3.dylib */ = {isa = PBXFileReference; lastKnownFileType = "compiled.mach-o.dylib"; path = libopencv_stitching.2.4.3.dylib; sourceTree = "<group>"; };
		2F9279A41760AD2C0010E0B5 /* libopencv_ts.2.4.3.dylib */ = {isa = PBXFileReference; lastKnownFileType = "compiled.mach-o.dylib"; path = libopencv_ts.2.4.3.dylib; sourceTree = "<group>"; };
/* End PBXFileReference section */

/* Begin PBXFrameworksBuildPhase section */
		2F92791B1760AACB0010E0B5 /* Frameworks */ = {
			isa = PBXFrameworksBuildPhase;
			buildActionMask = 2147483647;
			files = (
				2F9279971760ACB40010E0B5 /* libopencv_core.2.4.3.dylib in Frameworks */,
				2F9279A71760AD2C0010E0B5 /* libopencv_contrib.2.4.3.dylib in Frameworks */,
				2F9279A81760AD2C0010E0B5 /* libopencv_features2d.2.4.3.dylib in Frameworks */,
				2F9279A91760AD2C0010E0B5 /* libopencv_flann.2.4.3.dylib in Frameworks */,
				2F9279AA1760AD2C0010E0B5 /* libopencv_gpu.2.4.3.dylib in Frameworks */,
				2F9279AB1760AD2C0010E0B5 /* libopencv_highgui.2.4.3.dylib in Frameworks */,
				2F9279AC1760AD2C0010E0B5 /* libopencv_imgproc.2.4.3.dylib in Frameworks */,
				2F9279AD1760AD2C0010E0B5 /* libopencv_legacy.2.4.3.dylib in Frameworks */,
				2F9279AE1760AD2C0010E0B5 /* libopencv_ml.2.4.3.dylib in Frameworks */,
				2F9279AF1760AD2C0010E0B5 /* libopencv_nonfree.2.4.3.dylib in Frameworks */,
				2F9279B01760AD2C0010E0B5 /* libopencv_objdetect.2.4.3.dylib in Frameworks */,
				2F9279B11760AD2C0010E0B5 /* libopencv_photo.2.4.3.dylib in Frameworks */,
				2F9279B21760AD2C0010E0B5 /* libopencv_stitching.2.4.3.dylib in Frameworks */,
				2F9279B31760AD2C0010E0B5 /* libopencv_ts.2.4.3.dylib in Frameworks */,
			);
			runOnlyForDeploymentPostprocessing = 0;
		};
/* End PBXFrameworksBuildPhase section */

/* Begin PBXGroup section */
		2F4D29BC17612603005A844E /* libraries */ = {
			isa = PBXGroup;
			children = (
				2F9279981760AD2C0010E0B5 /* libopencv_contrib.2.4.3.dylib */,
				2F9279991760AD2C0010E0B5 /* libopencv_features2d.2.4.3.dylib */,
				2F92799A1760AD2C0010E0B5 /* libopencv_flann.2.4.3.dylib */,
				2F92799B1760AD2C0010E0B5 /* libopencv_gpu.2.4.3.dylib */,
				2F92799C1760AD2C0010E0B5 /* libopencv_highgui.2.4.3.dylib */,
				2F92799D1760AD2C0010E0B5 /* libopencv_imgproc.2.4.3.dylib */,
				2F92799E1760AD2C0010E0B5 /* libopencv_legacy.2.4.3.dylib */,
				2F92799F1760AD2C0010E0B5 /* libopencv_ml.2.4.3.dylib */,
				2F9279A01760AD2C0010E0B5 /* libopencv_nonfree.2.4.3.dylib */,
				2F9279A11760AD2C0010E0B5 /* libopencv_objdetect.2.4.3.dylib */,
				2F9279A21760AD2C0010E0B5 /* libopencv_photo.2.4.3.dylib */,
				2F9279A31760AD2C0010E0B5 /* libopencv_stitching.2.4.3.dylib */,
				2F9279A41760AD2C0010E0B5 /* libopencv_ts.2.4.3.dylib */,
				2F9279961760ACB40010E0B5 /* libopencv_core.2.4.3.dylib */,
			);
			name = libraries;
			sourceTree = "<group>";
		};
		2F4D29BD1761261A005A844E /* cartoon */ = {
			isa = PBXGroup;
			children = (
				2F4D29BE17612651005A844E /* cartoon.cpp */,
				2F4D29BF17612651005A844E /* cartoon.h */,
			);
			name = cartoon;
			sourceTree = "<group>";
		};
		2F9279151760AACB0010E0B5 = {
			isa = PBXGroup;
			children = (
				2F4D29BD1761261A005A844E /* cartoon */,
				2F4D29BC17612603005A844E /* libraries */,
				2F9279201760AACC0010E0B5 /* filter */,
				2F92791F1760AACC0010E0B5 /* Products */,
			);
			sourceTree = "<group>";
		};
		2F92791F1760AACC0010E0B5 /* Products */ = {
			isa = PBXGroup;
			children = (
				2F92791E1760AACC0010E0B5 /* filter */,
			);
			name = Products;
			sourceTree = "<group>";
		};
		2F9279201760AACC0010E0B5 /* filter */ = {
			isa = PBXGroup;
			children = (
				2F9279211760AACC0010E0B5 /* main.cpp */,
				2F9279231760AACC0010E0B5 /* filter.1 */,
			);
			path = filter;
			sourceTree = "<group>";
		};
/* End PBXGroup section */

/* Begin PBXNativeTarget section */
		2F92791D1760AACB0010E0B5 /* filter */ = {
			isa = PBXNativeTarget;
			buildConfigurationList = 2F9279271760AACC0010E0B5 /* Build configuration list for PBXNativeTarget "filter" */;
			buildPhases = (
				2F92791A1760AACB0010E0B5 /* Sources */,
				2F92791B1760AACB0010E0B5 /* Frameworks */,
				2F92791C1760AACB0010E0B5 /* CopyFiles */,
			);
			buildRules = (
			);
			dependencies = (
			);
			name = filter;
			productName = filter;
			productReference = 2F92791E1760AACC0010E0B5 /* filter */;
			productType = "com.apple.product-type.tool";
		};
/* End PBXNativeTarget section */

/* Begin PBXProject section */
		2F9279161760AACB0010E0B5 /* Project object */ = {
			isa = PBXProject;
			attributes = {
				LastUpgradeCheck = 0460;
				ORGANIZATIONNAME = "Дарья Кабанова";
			};
			buildConfigurationList = 2F9279191760AACB0010E0B5 /* Build configuration list for PBXProject "filter" */;
			compatibilityVersion = "Xcode 3.2";
			developmentRegion = English;
			hasScannedForEncodings = 0;
			knownRegions = (
				en,
			);
			mainGroup = 2F9279151760AACB0010E0B5;
			productRefGroup = 2F92791F1760AACC0010E0B5 /* Products */;
			projectDirPath = "";
			projectRoot = "";
			targets = (
				2F92791D1760AACB0010E0B5 /* filter */,
			);
		};
/* End PBXProject section */

/* Begin PBXSourcesBuildPhase section */
		2F92791A1760AACB0010E0B5 /* Sources */ = {
			isa = PBXSourcesBuildPhase;
			buildActionMask = 2147483647;
			files = (
				2F9279221760AACC0010E0B5 /* main.cpp in Sources */,
				2F4D29C017612651005A844E /* cartoon.cpp in Sources */,
			);
			runOnlyForDeploymentPostprocessing = 0;
		};
/* End PBXSourcesBuildPhase section */

/* Begin XCBuildConfiguration section */
		2F9279251760AACC0010E0B5 /* Debug */ = {
			isa = XCBuildConfiguration;
			buildSettings = {
				ALWAYS_SEARCH_USER_PATHS = YES;
				ARCHS = "$(ARCHS_STANDARD_64_BIT)";
				CLANG_CXX_LANGUAGE_STANDARD = "gnu++0x";
				CLANG_CXX_LIBRARY = "libc++";
				CLANG_WARN_CONSTANT_CONVERSION = YES;
				CLANG_WARN_EMPTY_BODY = YES;
				CLANG_WARN_ENUM_CONVERSION = YES;
				CLANG_WARN_INT_CONVERSION = YES;
				CLANG_WARN__DUPLICATE_METHOD_MATCH = YES;
				COPY_PHASE_STRIP = NO;
				GCC_C_LANGUAGE_STANDARD = gnu99;
				GCC_DYNAMIC_NO_PIC = NO;
				GCC_ENABLE_OBJC_EXCEPTIONS = YES;
				GCC_OPTIMIZATION_LEVEL = 0;
				GCC_PREPROCESSOR_DEFINITIONS = (
					"DEBUG=1",
					"$(inherited)",
				);
				GCC_SYMBOLS_PRIVATE_EXTERN = NO;
				GCC_WARN_64_TO_32_BIT_CONVERSION = YES;
				GCC_WARN_ABOUT_RETURN_TYPE = YES;
				GCC_WARN_UNINITIALIZED_AUTOS = YES;
				GCC_WARN_UNUSED_VARIABLE = YES;
				HEADER_SEARCH_PATHS = /usr/local/include;
				MACOSX_DEPLOYMENT_TARGET = 10.7;
				ONLY_ACTIVE_ARCH = YES;
				SDKROOT = macosx;
				USER_HEADER_SEARCH_PATHS = /;
			};
			name = Debug;
		};
		2F9279261760AACC0010E0B5 /* Release */ = {
			isa = XCBuildConfiguration;
			buildSettings = {
				ALWAYS_SEARCH_USER_PATHS = YES;
				ARCHS = "$(ARCHS_STANDARD_64_BIT)";
				CLANG_CXX_LANGUAGE_STANDARD = "gnu++0x";
				CLANG_CXX_LIBRARY = "libc++";
				CLANG_WARN_CONSTANT_CONVERSION = YES;
				CLANG_WARN_EMPTY_BODY = YES;
				CLANG_WARN_ENUM_CONVERSION = YES;
				CLANG_WARN_INT_CONVERSION = YES;
				CLANG_WARN__DUPLICATE_METHOD_MATCH = YES;
				COPY_PHASE_STRIP = YES;
				DEBUG_INFORMATION_FORMAT = "dwarf-with-dsym";
				GCC_C_LANGUAGE_STANDARD = gnu99;
				GCC_ENABLE_OBJC_EXCEPTIONS = YES;
				GCC_WARN_64_TO_32_BIT_CONVERSION = YES;
				GCC_WARN_ABOUT_RETURN_TYPE = YES;
				GCC_WARN_UNINITIALIZED_AUTOS = YES;
				GCC_WARN_UNUSED_VARIABLE = YES;
				HEADER_SEARCH_PATHS = /usr/local/include;
				MACOSX_DEPLOYMENT_TARGET = 10.7;
				SDKROOT = macosx;
				USER_HEADER_SEARCH_PATHS = /;
			};
			name = Release;
		};
		2F9279281760AACC0010E0B5 /* Debug */ = {
			isa = XCBuildConfiguration;
			buildSettings = {
				LIBRARY_SEARCH_PATHS = (
					"$(inherited)",
					"\"$(SRCROOT)\"",
				);
				PRODUCT_NAME = "$(TARGET_NAME)";
			};
			name = Debug;
		};
		2F9279291760AACC0010E0B5 /* Release */ = {
			isa = XCBuildConfiguration;
			buildSettings = {
				LIBRARY_SEARCH_PATHS = (
					"$(inherited)",
					"\"$(SRCROOT)\"",
				);
				PRODUCT_NAME = "$(TARGET_NAME)";
			};
			name = Release;
		};
/* End XCBuildConfiguration section */

/* Begin XCConfigurationList section */
		2F9279191760AACB0010E0B5 /* Build configuration list for PBXProject "filter" */ = {
			isa = XCConfigurationList;
			buildConfigurations = (
				2F9279251760AACC0010E0B5 /* Debug */,
				2F9279261760AACC0010E0B5 /* Release */,
			);
			defaultConfigurationIsVisible = 0;
			defaultConfigurationName = Release;
		};
		2F9279271760AACC0010E0B5 /* Build configuration list for PBXNativeTarget "filter" */ = {
			isa = XCConfigurationList;
			buildConfigurations = (
				2F9279281760AACC0010E0B5 /* Debug */,
				2F9279291760AACC0010E0B5 /* Release */,
			);
			defaultConfigurationIsVisible = 0;
			defaultConfigurationName = Release;
		};
/* End XCConfigurationList section */
	};
	rootObject = 2F9279161760AACB0010E0B5 /* Project object */;
}
